{
  "nodes": {
    "flake-utils": {
      "locked": {
        "lastModified": 1667395993,
        "narHash": "sha256-nuEHfE/LcWyuSWnS8t12N1wc105Qtau+/OdUAjtQ0rA=",
        "owner": "numtide",
        "repo": "flake-utils",
        "rev": "5aed5285a952e0b949eb3ba02c12fa4fcfef535f",
        "type": "github"
      },
      "original": {
        "owner": "numtide",
        "repo": "flake-utils",
        "type": "github"
      }
    },
    "nixpkgs": {
      "locked": {
        "lastModified": 1730229398,
        "narHash": "sha256-CPpl65Jkk8JydvGLJQnTpkuWBgpxWd1ZC3FNXA2lKzE=",
        "owner": "NixOS",
        "repo": "nixpkgs",
        "rev": "f958a520264b5a50ec586c281888da59d118e4b3",
        "type": "github"
      },
      "original": {
        "owner": "NixOS",
        "ref": "release-24.05",
        "repo": "nixpkgs",
        "type": "github"
      }
    },
    "root": {
      "inputs": {
        "flake-utils": "flake-utils",
        "nixpkgs": "nixpkgs",
        "templates": "templates"
      }
    },
    "templates": {
      "flake": false,
      "locked": {
        "lastModified": 1694582709,
        "narHash": "sha256-8h+CYce5+UwejxLH8VH+UJ8svkAUxh3Pgy+KpQSAdko=",
        "owner": "codedownio",
        "repo": "templates",
        "rev": "c54b413f0f291576c0e1871e37b04e00f3013b00",
        "type": "github"
      },
      "original": {
        "owner": "codedownio",
        "repo": "templates",
        "type": "github"
      }
    }
  },
  "root": "root",
  "version": 7
}
